// !$*UTF8*$!
{
	archiveVersion = 1;
	classes = {
	};
	objectVersion = 51;
	objects = {

/* Begin PBXBuildFile section */
		1928E3F123015F2300AE0147 /* AppDelegate.swift in Sources */ = {isa = PBXBuildFile; fileRef = 1928E3F023015F2300AE0147 /* AppDelegate.swift */; };
		1928E3F323015F2300AE0147 /* ViewController.swift in Sources */ = {isa = PBXBuildFile; fileRef = 1928E3F223015F2300AE0147 /* ViewController.swift */; };
		1928E3F623015F2300AE0147 /* Main.storyboard in Resources */ = {isa = PBXBuildFile; fileRef = 1928E3F423015F2300AE0147 /* Main.storyboard */; };
		1928E3F823015F2700AE0147 /* Assets.xcassets in Resources */ = {isa = PBXBuildFile; fileRef = 1928E3F723015F2700AE0147 /* Assets.xcassets */; };
		1928E3FB23015F2700AE0147 /* LaunchScreen.storyboard in Resources */ = {isa = PBXBuildFile; fileRef = 1928E3F923015F2700AE0147 /* LaunchScreen.storyboard */; };
		1928E40723015FA700AE0147 /* RecordVideoViewController.swift in Sources */ = {isa = PBXBuildFile; fileRef = 1928E40623015FA700AE0147 /* RecordVideoViewController.swift */; };
		1928E40A2301626500AE0147 /* AVFoundation.framework in Frameworks */ = {isa = PBXBuildFile; fileRef = 1928E4092301626500AE0147 /* AVFoundation.framework */; };
		1928E40C230292A000AE0147 /* GPUImageViewController.swift in Sources */ = {isa = PBXBuildFile; fileRef = 1928E40B230292A000AE0147 /* GPUImageViewController.swift */; };
		4769141943756AF8B241E873 /* Pods_zhibo.framework in Frameworks */ = {isa = PBXBuildFile; fileRef = A34113144791ED3538C9E86F /* Pods_zhibo.framework */; };
/* End PBXBuildFile section */

/* Begin PBXFileReference section */
		17668CD1BB6685ABE4A96169 /* Pods-zhibo.release.xcconfig */ = {isa = PBXFileReference; includeInIndex = 1; lastKnownFileType = text.xcconfig; name = "Pods-zhibo.release.xcconfig"; path = "Target Support Files/Pods-zhibo/Pods-zhibo.release.xcconfig"; sourceTree = "<group>"; };
		1928E3ED23015F2300AE0147 /* zhibo.app */ = {isa = PBXFileReference; explicitFileType = wrapper.application; includeInIndex = 0; path = zhibo.app; sourceTree = BUILT_PRODUCTS_DIR; };
		1928E3F023015F2300AE0147 /* AppDelegate.swift */ = {isa = PBXFileReference; lastKnownFileType = sourcecode.swift; path = AppDelegate.swift; sourceTree = "<group>"; };
		1928E3F223015F2300AE0147 /* ViewController.swift */ = {isa = PBXFileReference; lastKnownFileType = sourcecode.swift; path = ViewController.swift; sourceTree = "<group>"; };
		1928E3F523015F2300AE0147 /* Base */ = {isa = PBXFileReference; lastKnownFileType = file.storyboard; name = Base; path = Base.lproj/Main.storyboard; sourceTree = "<group>"; };
		1928E3F723015F2700AE0147 /* Assets.xcassets */ = {isa = PBXFileReference; lastKnownFileType = folder.assetcatalog; path = Assets.xcassets; sourceTree = "<group>"; };
		1928E3FA23015F2700AE0147 /* Base */ = {isa = PBXFileReference; lastKnownFileType = file.storyboard; name = Base; path = Base.lproj/LaunchScreen.storyboard; sourceTree = "<group>"; };
		1928E3FC23015F2700AE0147 /* Info.plist */ = {isa = PBXFileReference; lastKnownFileType = text.plist.xml; path = Info.plist; sourceTree = "<group>"; };
		1928E40623015FA700AE0147 /* RecordVideoViewController.swift */ = {isa = PBXFileReference; lastKnownFileType = sourcecode.swift; path = RecordVideoViewController.swift; sourceTree = "<group>"; };
		1928E4092301626500AE0147 /* AVFoundation.framework */ = {isa = PBXFileReference; lastKnownFileType = wrapper.framework; name = AVFoundation.framework; path = System/Library/Frameworks/AVFoundation.framework; sourceTree = SDKROOT; };
		1928E40B230292A000AE0147 /* GPUImageViewController.swift */ = {isa = PBXFileReference; lastKnownFileType = sourcecode.swift; path = GPUImageViewController.swift; sourceTree = "<group>"; };
		47A51C346E63216796F61001 /* Pods-zhibo.debug.xcconfig */ = {isa = PBXFileReference; includeInIndex = 1; lastKnownFileType = text.xcconfig; name = "Pods-zhibo.debug.xcconfig"; path = "Target Support Files/Pods-zhibo/Pods-zhibo.debug.xcconfig"; sourceTree = "<group>"; };
		A34113144791ED3538C9E86F /* Pods_zhibo.framework */ = {isa = PBXFileReference; explicitFileType = wrapper.framework; includeInIndex = 0; path = Pods_zhibo.framework; sourceTree = BUILT_PRODUCTS_DIR; };
/* End PBXFileReference section */

/* Begin PBXFrameworksBuildPhase section */
		1928E3EA23015F2300AE0147 /* Frameworks */ = {
			isa = PBXFrameworksBuildPhase;
			buildActionMask = 2147483647;
			files = (
				1928E40A2301626500AE0147 /* AVFoundation.framework in Frameworks */,
				4769141943756AF8B241E873 /* Pods_zhibo.framework in Frameworks */,
			);
			runOnlyForDeploymentPostprocessing = 0;
		};
/* End PBXFrameworksBuildPhase section */

/* Begin PBXGroup section */
		1928E3E423015F2300AE0147 = {
			isa = PBXGroup;
			children = (
				1928E3EF23015F2300AE0147 /* zhibo */,
				1928E3EE23015F2300AE0147 /* Products */,
				1928E4082301626500AE0147 /* Frameworks */,
				B7C7B167DAFE739BFA424682 /* Pods */,
			);
			sourceTree = "<group>";
		};
		1928E3EE23015F2300AE0147 /* Products */ = {
			isa = PBXGroup;
			children = (
				1928E3ED23015F2300AE0147 /* zhibo.app */,
			);
			name = Products;
			sourceTree = "<group>";
		};
		1928E3EF23015F2300AE0147 /* zhibo */ = {
			isa = PBXGroup;
			children = (
				1928E3F023015F2300AE0147 /* AppDelegate.swift */,
				1928E3F223015F2300AE0147 /* ViewController.swift */,
				1928E3F423015F2300AE0147 /* Main.storyboard */,
				1928E3F723015F2700AE0147 /* Assets.xcassets */,
				1928E3F923015F2700AE0147 /* LaunchScreen.storyboard */,
				1928E3FC23015F2700AE0147 /* Info.plist */,
				1928E40623015FA700AE0147 /* RecordVideoViewController.swift */,
				1928E40B230292A000AE0147 /* GPUImageViewController.swift */,
			);
			path = zhibo;
			sourceTree = "<group>";
		};
		1928E4082301626500AE0147 /* Frameworks */ = {
			isa = PBXGroup;
			children = (
				1928E4092301626500AE0147 /* AVFoundation.framework */,
				A34113144791ED3538C9E86F /* Pods_zhibo.framework */,
			);
			name = Frameworks;
			sourceTree = "<group>";
		};
		B7C7B167DAFE739BFA424682 /* Pods */ = {
			isa = PBXGroup;
			children = (
				47A51C346E63216796F61001 /* Pods-zhibo.debug.xcconfig */,
				17668CD1BB6685ABE4A96169 /* Pods-zhibo.release.xcconfig */,
			);
			path = Pods;
			sourceTree = "<group>";
		};
/* End PBXGroup section */

/* Begin PBXNativeTarget section */
		1928E3EC23015F2300AE0147 /* zhibo */ = {
			isa = PBXNativeTarget;
			buildConfigurationList = 1928E3FF23015F2700AE0147 /* Build configuration list for PBXNativeTarget "zhibo" */;
			buildPhases = (
				BA59D43009819124CFC49168 /* [CP] Check Pods Manifest.lock */,
				1928E3E923015F2300AE0147 /* Sources */,
				1928E3EA23015F2300AE0147 /* Frameworks */,
				1928E3EB23015F2300AE0147 /* Resources */,
				5B506BE8A3D943DE7D76022D /* [CP] Embed Pods Frameworks */,
			);
			buildRules = (
			);
			dependencies = (
			);
			name = zhibo;
			productName = zhibo;
			productReference = 1928E3ED23015F2300AE0147 /* zhibo.app */;
			productType = "com.apple.product-type.application";
		};
/* End PBXNativeTarget section */

/* Begin PBXProject section */
		1928E3E523015F2300AE0147 /* Project object */ = {
			isa = PBXProject;
			attributes = {
				LastSwiftUpdateCheck = 1020;
				LastUpgradeCheck = 1020;
				ORGANIZATIONNAME = "ZH-ZHG";
				TargetAttributes = {
					1928E3EC23015F2300AE0147 = {
						CreatedOnToolsVersion = 10.2.1;
					};
				};
			};
			buildConfigurationList = 1928E3E823015F2300AE0147 /* Build configuration list for PBXProject "zhibo" */;
			compatibilityVersion = "Xcode 9.3";
			developmentRegion = en;
			hasScannedForEncodings = 0;
			knownRegions = (
				en,
				Base,
			);
			mainGroup = 1928E3E423015F2300AE0147;
			productRefGroup = 1928E3EE23015F2300AE0147 /* Products */;
			projectDirPath = "";
			projectRoot = "";
			targets = (
				1928E3EC23015F2300AE0147 /* zhibo */,
			);
		};
/* End PBXProject section */

/* Begin PBXResourcesBuildPhase section */
		1928E3EB23015F2300AE0147 /* Resources */ = {
			isa = PBXResourcesBuildPhase;
			buildActionMask = 2147483647;
			files = (
				1928E3FB23015F2700AE0147 /* LaunchScreen.storyboard in Resources */,
				1928E3F823015F2700AE0147 /* Assets.xcassets in Resources */,
				1928E3F623015F2300AE0147 /* Main.storyboard in Resources */,
			);
			runOnlyForDeploymentPostprocessing = 0;
		};
/* End PBXResourcesBuildPhase section */

/* Begin PBXShellScriptBuildPhase section */
		5B506BE8A3D943DE7D76022D /* [CP] Embed Pods Frameworks */ = {
			isa = PBXShellScriptBuildPhase;
			buildActionMask = 2147483647;
			files = (
			);
			inputFileListPaths = (
				"${PODS_ROOT}/Target Support Files/Pods-zhibo/Pods-zhibo-frameworks-${CONFIGURATION}-input-files.xcfilelist",
			);
			name = "[CP] Embed Pods Frameworks";
			outputFileListPaths = (
				"${PODS_ROOT}/Target Support Files/Pods-zhibo/Pods-zhibo-frameworks-${CONFIGURATION}-output-files.xcfilelist",
			);
			runOnlyForDeploymentPostprocessing = 0;
			shellPath = /bin/sh;
			shellScript = "\"${PODS_ROOT}/Target Support Files/Pods-zhibo/Pods-zhibo-frameworks.sh\"\n";
			showEnvVarsInLog = 0;
		};
		BA59D43009819124CFC49168 /* [CP] Check Pods Manifest.lock */ = {
			isa = PBXShellScriptBuildPhase;
			buildActionMask = 2147483647;
			files = (
			);
			inputFileListPaths = (
			);
			inputPaths = (
				"${PODS_PODFILE_DIR_PATH}/Podfile.lock",
				"${PODS_ROOT}/Manifest.lock",
			);
			name = "[CP] Check Pods Manifest.lock";
			outputFileListPaths = (
			);
			outputPaths = (
				"$(DERIVED_FILE_DIR)/Pods-zhibo-checkManifestLockResult.txt",
			);
			runOnlyForDeploymentPostprocessing = 0;
			shellPath = /bin/sh;
			shellScript = "diff \"${PODS_PODFILE_DIR_PATH}/Podfile.lock\" \"${PODS_ROOT}/Manifest.lock\" > /dev/null\nif [ $? != 0 ] ; then\n    # print error to STDERR\n    echo \"error: The sandbox is not in sync with the Podfile.lock. Run 'pod install' or update your CocoaPods installation.\" >&2\n    exit 1\nfi\n# This output is used by Xcode 'outputs' to avoid re-running this script phase.\necho \"SUCCESS\" > \"${SCRIPT_OUTPUT_FILE_0}\"\n";
			showEnvVarsInLog = 0;
		};
/* End PBXShellScriptBuildPhase section */

/* Begin PBXSourcesBuildPhase section */
		1928E3E923015F2300AE0147 /* Sources */ = {
			isa = PBXSourcesBuildPhase;
			buildActionMask = 2147483647;
			files = (
				1928E3F323015F2300AE0147 /* ViewController.swift in Sources */,
				1928E40C230292A000AE0147 /* GPUImageViewController.swift in Sources */,
				1928E40723015FA700AE0147 /* RecordVideoViewController.swift in Sources */,
				1928E3F123015F2300AE0147 /* AppDelegate.swift in Sources */,
			);
			runOnlyForDeploymentPostprocessing = 0;
		};
/* End PBXSourcesBuildPhase section */

/* Begin PBXVariantGroup section */
		1928E3F423015F2300AE0147 /* Main.storyboard */ = {
			isa = PBXVariantGroup;
			children = (
				1928E3F523015F2300AE0147 /* Base */,
			);
			name = Main.storyboard;
			sourceTree = "<group>";
		};
		1928E3F923015F2700AE0147 /* LaunchScreen.storyboard */ = {
			isa = PBXVariantGroup;
			children = (
				1928E3FA23015F2700AE0147 /* Base */,
			);
			name = LaunchScreen.storyboard;
			sourceTree = "<group>";
		};
/* End PBXVariantGroup section */

/* Begin XCBuildConfiguration section */
		1928E3FD23015F2700AE0147 /* Debug */ = {
			isa = XCBuildConfiguration;
			buildSettings = {
				ALWAYS_SEARCH_USER_PATHS = NO;
				CLANG_ANALYZER_NONNULL = YES;
				CLANG_ANALYZER_NUMBER_OBJECT_CONVERSION = YES_AGGRESSIVE;
				CLANG_CXX_LANGUAGE_STANDARD = "gnu++14";
				CLANG_CXX_LIBRARY = "libc++";
				CLANG_ENABLE_MODULES = YES;
				CLANG_ENABLE_OBJC_ARC = YES;
				CLANG_ENABLE_OBJC_WEAK = YES;
				CLANG_WARN_BLOCK_CAPTURE_AUTORELEASING = YES;
				CLANG_WARN_BOOL_CONVERSION = YES;
				CLANG_WARN_COMMA = YES;
				CLANG_WARN_CONSTANT_CONVERSION = YES;
				CLANG_WARN_DEPRECATED_OBJC_IMPLEMENTATIONS = YES;
				CLANG_WARN_DIRECT_OBJC_ISA_USAGE = YES_ERROR;
				CLANG_WARN_DOCUMENTATION_COMMENTS = YES;
				CLANG_WARN_EMPTY_BODY = YES;
				CLANG_WARN_ENUM_CONVERSION = YES;
				CLANG_WARN_INFINITE_RECURSION = YES;
				CLANG_WARN_INT_CONVERSION = YES;
				CLANG_WARN_NON_LITERAL_NULL_CONVERSION = YES;
				CLANG_WARN_OBJC_IMPLICIT_RETAIN_SELF = YES;
				CLANG_WARN_OBJC_LITERAL_CONVERSION = YES;
				CLANG_WARN_OBJC_ROOT_CLASS = YES_ERROR;
				CLANG_WARN_RANGE_LOOP_ANALYSIS = YES;
				CLANG_WARN_STRICT_PROTOTYPES = YES;
				CLANG_WARN_SUSPICIOUS_MOVE = YES;
				CLANG_WARN_UNGUARDED_AVAILABILITY = YES_AGGRESSIVE;
				CLANG_WARN_UNREACHABLE_CODE = YES;
				CLANG_WARN__DUPLICATE_METHOD_MATCH = YES;
				CODE_SIGN_IDENTITY = "iPhone Developer";
				COPY_PHASE_STRIP = NO;
				DEBUG_INFORMATION_FORMAT = dwarf;
				ENABLE_STRICT_OBJC_MSGSEND = YES;
				ENABLE_TESTABILITY = YES;
				GCC_C_LANGUAGE_STANDARD = gnu11;
				GCC_DYNAMIC_NO_PIC = NO;
				GCC_NO_COMMON_BLOCKS = YES;
				GCC_OPTIMIZATION_LEVEL = 0;
				GCC_PREPROCESSOR_DEFINITIONS = (
					"DEBUG=1",
					"$(inherited)",
				);
				GCC_WARN_64_TO_32_BIT_CONVERSION = YES;
				GCC_WARN_ABOUT_RETURN_TYPE = YES_ERROR;
				GCC_WARN_UNDECLARED_SELECTOR = YES;
				GCC_WARN_UNINITIALIZED_AUTOS = YES_AGGRESSIVE;
				GCC_WARN_UNUSED_FUNCTION = YES;
				GCC_WARN_UNUSED_VARIABLE = YES;
				IPHONEOS_DEPLOYMENT_TARGET = 12.2;
				MTL_ENABLE_DEBUG_INFO = INCLUDE_SOURCE;
				MTL_FAST_MATH = YES;
				ONLY_ACTIVE_ARCH = YES;
				SDKROOT = iphoneos;
				SWIFT_ACTIVE_COMPILATION_CONDITIONS = DEBUG;
				SWIFT_OPTIMIZATION_LEVEL = "-Onone";
			};
			name = Debug;
		};
		1928E3FE23015F2700AE0147 /* Release */ = {
			isa = XCBuildConfiguration;
			buildSettings = {
				ALWAYS_SEARCH_USER_PATHS = NO;
				CLANG_ANALYZER_NONNULL = YES;
				CLANG_ANALYZER_NUMBER_OBJECT_CONVERSION = YES_AGGRESSIVE;
				CLANG_CXX_LANGUAGE_STANDARD = "gnu++14";
				CLANG_CXX_LIBRARY = "libc++";
				CLANG_ENABLE_MODULES = YES;
				CLANG_ENABLE_OBJC_ARC = YES;
				CLANG_ENABLE_OBJC_WEAK = YES;
				CLANG_WARN_BLOCK_CAPTURE_AUTORELEASING = YES;
				CLANG_WARN_BOOL_CONVERSION = YES;
				CLANG_WARN_COMMA = YES;
				CLANG_WARN_CONSTANT_CONVERSION = YES;
				CLANG_WARN_DEPRECATED_OBJC_IMPLEMENTATIONS = YES;
				CLANG_WARN_DIRECT_OBJC_ISA_USAGE = YES_ERROR;
				CLANG_WARN_DOCUMENTATION_COMMENTS = YES;
				CLANG_WARN_EMPTY_BODY = YES;
				CLANG_WARN_ENUM_CONVERSION = YES;
				CLANG_WARN_INFINITE_RECURSION = YES;
				CLANG_WARN_INT_CONVERSION = YES;
				CLANG_WARN_NON_LITERAL_NULL_CONVERSION = YES;
				CLANG_WARN_OBJC_IMPLICIT_RETAIN_SELF = YES;
				CLANG_WARN_OBJC_LITERAL_CONVERSION = YES;
				CLANG_WARN_OBJC_ROOT_CLASS = YES_ERROR;
				CLANG_WARN_RANGE_LOOP_ANALYSIS = YES;
				CLANG_WARN_STRICT_PROTOTYPES = YES;
				CLANG_WARN_SUSPICIOUS_MOVE = YES;
				CLANG_WARN_UNGUARDED_AVAILABILITY = YES_AGGRESSIVE;
				CLANG_WARN_UNREACHABLE_CODE = YES;
				CLANG_WARN__DUPLICATE_METHOD_MATCH = YES;
				CODE_SIGN_IDENTITY = "iPhone Developer";
				COPY_PHASE_STRIP = NO;
				DEBUG_INFORMATION_FORMAT = "dwarf-with-dsym";
				ENABLE_NS_ASSERTIONS = NO;
				ENABLE_STRICT_OBJC_MSGSEND = YES;
				GCC_C_LANGUAGE_STANDARD = gnu11;
				GCC_NO_COMMON_BLOCKS = YES;
				GCC_WARN_64_TO_32_BIT_CONVERSION = YES;
				GCC_WARN_ABOUT_RETURN_TYPE = YES_ERROR;
				GCC_WARN_UNDECLARED_SELECTOR = YES;
				GCC_WARN_UNINITIALIZED_AUTOS = YES_AGGRESSIVE;
				GCC_WARN_UNUSED_FUNCTION = YES;
				GCC_WARN_UNUSED_VARIABLE = YES;
				IPHONEOS_DEPLOYMENT_TARGET = 12.2;
				MTL_ENABLE_DEBUG_INFO = NO;
				MTL_FAST_MATH = YES;
				SDKROOT = iphoneos;
				SWIFT_COMPILATION_MODE = wholemodule;
				SWIFT_OPTIMIZATION_LEVEL = "-O";
				VALIDATE_PRODUCT = YES;
			};
			name = Release;
		};
		1928E40023015F2700AE0147 /* Debug */ = {
			isa = XCBuildConfiguration;
			baseConfigurationReference = 47A51C346E63216796F61001 /* Pods-zhibo.debug.xcconfig */;
			buildSettings = {
				ASSETCATALOG_COMPILER_APPICON_NAME = AppIcon;
				CODE_SIGN_STYLE = Automatic;
				DEVELOPMENT_TEAM = E5YRJH7CWP;
				INFOPLIST_FILE = zhibo/Info.plist;
				IPHONEOS_DEPLOYMENT_TARGET = 10.0;
				LD_RUNPATH_SEARCH_PATHS = (
					"$(inherited)",
					"@executable_path/Frameworks",
				);
				PRODUCT_BUNDLE_IDENTIFIER = "com.ZH-ZHG.zhibo";
				PRODUCT_NAME = "$(TARGET_NAME)";
				SWIFT_VERSION = 5.0;
				TARGETED_DEVICE_FAMILY = "1,2";
			};
			name = Debug;
		};
		1928E40123015F2700AE0147 /* Release */ = {
			isa = XCBuildConfiguration;
			baseConfigurationReference = 17668CD1BB6685ABE4A96169 /* Pods-zhibo.release.xcconfig */;
			buildSettings = {
				ASSETCATALOG_COMPILER_APPICON_NAME = AppIcon;
				CODE_SIGN_STYLE = Automatic;
				DEVELOPMENT_TEAM = E5YRJH7CWP;
				INFOPLIST_FILE = zhibo/Info.plist;
				IPHONEOS_DEPLOYMENT_TARGET = 10.0;
				LD_RUNPATH_SEARCH_PATHS = (
					"$(inherited)",
					"@executable_path/Frameworks",
				);
				PRODUCT_BUNDLE_IDENTIFIER = "com.ZH-ZHG.zhibo";
				PRODUCT_NAME = "$(TARGET_NAME)";
				SWIFT_VERSION = 5.0;
				TARGETED_DEVICE_FAMILY = "1,2";
			};
			name = Release;
		};
/* End XCBuildConfiguration section */

/* Begin XCConfigurationList section */
		1928E3E823015F2300AE0147 /* Build configuration list for PBXProject "zhibo" */ = {
			isa = XCConfigurationList;
			buildConfigurations = (
				1928E3FD23015F2700AE0147 /* Debug */,
				1928E3FE23015F2700AE0147 /* Release */,
			);
			defaultConfigurationIsVisible = 0;
			defaultConfigurationName = Release;
		};
		1928E3FF23015F2700AE0147 /* Build configuration list for PBXNativeTarget "zhibo" */ = {
			isa = XCConfigurationList;
			buildConfigurations = (
				1928E40023015F2700AE0147 /* Debug */,
				1928E40123015F2700AE0147 /* Release */,
			);
			defaultConfigurationIsVisible = 0;
			defaultConfigurationName = Release;
		};
/* End XCConfigurationList section */
	};
	rootObject = 1928E3E523015F2300AE0147 /* Project object */;
}
